
Microsoft Visual Studio Solution File, Format Version 12.00
# Visual Studio Version 17
VisualStudioVersion = 17.0.32112.339
MinimumVisualStudioVersion = 10.0.40219.1
Project("{FAE04EC0-301F-11D3-BF4B-00C04F79EFBC}") = "WebAPIApplication1", "WebAPIApplication1\WebAPIApplication1.csproj", "{46699DC0-F64B-4724-9995-209CAA2B51FF}"
EndProject
Global
	GlobalSection(SolutionConfigurationPlatforms) = preSolution
		Debug|Any CPU = Debug|Any CPU
		Release|Any CPU = Release|Any CPU
	EndGlobalSection
	GlobalSection(ProjectConfigurationPlatforms) = postSolution
		{46699DC0-F64B-4724-9995-209CAA2B51FF}.Debug|Any CPU.ActiveCfg = Debug|Any CPU
		{46699DC0-F64B-4724-9995-209CAA2B51FF}.Debug|Any CPU.Build.0 = Debug|Any CPU
		{46699DC0-F64B-4724-9995-209CAA2B51FF}.Release|Any CPU.ActiveCfg = Release|Any CPU
		{46699DC0-F64B-4724-9995-209CAA2B51FF}.Release|Any CPU.Build.0 = Release|Any CPU
	EndGlobalSection
	GlobalSection(SolutionProperties) = preSolution
		HideSolutionNode = FALSE
	EndGlobalSection
	GlobalSection(ExtensibilityGlobals) = postSolution
		SolutionGuid = {93922BD1-0012-4320-9E0C-01FC0405A9FA}
	EndGlobalSection
EndGlobal
